
Microsoft Visual Studio Solution File, Format Version 12.00
# Visual Studio 15
VisualStudioVersion = 15.0.28307.1000
MinimumVisualStudioVersion = 10.0.40219.1
Project("{FAE04EC0-301F-11D3-BF4B-00C04F79EFBC}") = "Init", "Init\Init.csproj", "{00F74E82-9242-46DE-B4D4-9AD1D43CBA68}"
EndProject
Global
	GlobalSection(SolutionConfigurationPlatforms) = preSolution
		Debug|Any CPU = Debug|Any CPU
		Release|Any CPU = Release|Any CPU
	EndGlobalSection
	GlobalSection(ProjectConfigurationPlatforms) = postSolution
		{00F74E82-9242-46DE-B4D4-9AD1D43CBA68}.Debug|Any CPU.ActiveCfg = Debug|Any CPU
		{00F74E82-9242-46DE-B4D4-9AD1D43CBA68}.Debug|Any CPU.Build.0 = Debug|Any CPU
		{00F74E82-9242-46DE-B4D4-9AD1D43CBA68}.Release|Any CPU.ActiveCfg = Release|Any CPU
		{00F74E82-9242-46DE-B4D4-9AD1D43CBA68}.Release|Any CPU.Build.0 = Release|Any CPU
	EndGlobalSection
	GlobalSection(SolutionProperties) = preSolution
		HideSolutionNode = FALSE
	EndGlobalSection
	GlobalSection(ExtensibilityGlobals) = postSolution
		SolutionGuid = {BDE81F3D-34C3-4047-A851-0672ED6B0291}
	EndGlobalSection
EndGlobal
