
Microsoft Visual Studio Solution File, Format Version 12.00
# Visual Studio Version 16
VisualStudioVersion = 16.0.30517.126
MinimumVisualStudioVersion = 10.0.40219.1
Project("{9A19103F-16F7-4668-BE54-9A1E7A4F7556}") = "ProductInfoApi", "ProductInfoApi\ProductInfoApi.csproj", "{3904583A-2887-401D-93B5-C6FBBBA7FCBE}"
EndProject
Project("{2150E333-8FDC-42A3-9474-1A3956D46DE8}") = "Solution Items", "Solution Items", "{B782AD64-33B7-41EA-A371-D7A9355AF63D}"
	ProjectSection(SolutionItems) = preProject
		ProductDescription.cs = ProductDescription.cs
	EndProjectSection
EndProject
Project("{9A19103F-16F7-4668-BE54-9A1E7A4F7556}") = "DatabaseTester", "DatabaseTester\DatabaseTester.csproj", "{EF8603F1-F5CB-41FB-A23B-BF376A2D7D08}"
EndProject
Project("{FAE04EC0-301F-11D3-BF4B-00C04F79EFBC}") = "ProductInfoApi.Tests", "ProductInfoApi.Tests\ProductInfoApi.Tests.csproj", "{4727A067-9E10-4AFB-900A-943A932EF93D}"
EndProject
Global
	GlobalSection(SolutionConfigurationPlatforms) = preSolution
		Debug|Any CPU = Debug|Any CPU
		Release|Any CPU = Release|Any CPU
	EndGlobalSection
	GlobalSection(ProjectConfigurationPlatforms) = postSolution
		{3904583A-2887-401D-93B5-C6FBBBA7FCBE}.Debug|Any CPU.ActiveCfg = Debug|Any CPU
		{3904583A-2887-401D-93B5-C6FBBBA7FCBE}.Debug|Any CPU.Build.0 = Debug|Any CPU
		{3904583A-2887-401D-93B5-C6FBBBA7FCBE}.Release|Any CPU.ActiveCfg = Release|Any CPU
		{3904583A-2887-401D-93B5-C6FBBBA7FCBE}.Release|Any CPU.Build.0 = Release|Any CPU
		{EF8603F1-F5CB-41FB-A23B-BF376A2D7D08}.Debug|Any CPU.ActiveCfg = Debug|Any CPU
		{EF8603F1-F5CB-41FB-A23B-BF376A2D7D08}.Debug|Any CPU.Build.0 = Debug|Any CPU
		{EF8603F1-F5CB-41FB-A23B-BF376A2D7D08}.Release|Any CPU.ActiveCfg = Release|Any CPU
		{EF8603F1-F5CB-41FB-A23B-BF376A2D7D08}.Release|Any CPU.Build.0 = Release|Any CPU
		{4727A067-9E10-4AFB-900A-943A932EF93D}.Debug|Any CPU.ActiveCfg = Debug|Any CPU
		{4727A067-9E10-4AFB-900A-943A932EF93D}.Debug|Any CPU.Build.0 = Debug|Any CPU
		{4727A067-9E10-4AFB-900A-943A932EF93D}.Release|Any CPU.ActiveCfg = Release|Any CPU
		{4727A067-9E10-4AFB-900A-943A932EF93D}.Release|Any CPU.Build.0 = Release|Any CPU
	EndGlobalSection
	GlobalSection(SolutionProperties) = preSolution
		HideSolutionNode = FALSE
	EndGlobalSection
	GlobalSection(ExtensibilityGlobals) = postSolution
		SolutionGuid = {3E5FECBB-932E-4833-99C4-345CEC27206B}
	EndGlobalSection
EndGlobal
